// !$*UTF8*$!
{
	archiveVersion = 1;
	classes = {
	};
	objectVersion = 55;
	objects = {

/* Begin PBXBuildFile section */
		7AB3AC1831A32ABCD4568BEF /* Pods_Notes.framework in Frameworks */ = {isa = PBXBuildFile; fileRef = 5C20007735EF2D73208F3FD6 /* Pods_Notes.framework */; };
		8549D480293CEFAC00CE9158 /* AppDelegate.swift in Sources */ = {isa = PBXBuildFile; fileRef = 8549D47F293CEFAC00CE9158 /* AppDelegate.swift */; };
		8549D482293CEFAC00CE9158 /* SceneDelegate.swift in Sources */ = {isa = PBXBuildFile; fileRef = 8549D481293CEFAC00CE9158 /* SceneDelegate.swift */; };
		8549D487293CEFAC00CE9158 /* Main.storyboard in Resources */ = {isa = PBXBuildFile; fileRef = 8549D485293CEFAC00CE9158 /* Main.storyboard */; };
		8549D48A293CEFAC00CE9158 /* Notes.xcdatamodeld in Sources */ = {isa = PBXBuildFile; fileRef = 8549D488293CEFAC00CE9158 /* Notes.xcdatamodeld */; };
		8549D48C293CEFAE00CE9158 /* Assets.xcassets in Resources */ = {isa = PBXBuildFile; fileRef = 8549D48B293CEFAE00CE9158 /* Assets.xcassets */; };
		8549D48F293CEFAE00CE9158 /* LaunchScreen.storyboard in Resources */ = {isa = PBXBuildFile; fileRef = 8549D48D293CEFAE00CE9158 /* LaunchScreen.storyboard */; };
		8549D4A0293CF39F00CE9158 /* CommentCell.xib in Resources */ = {isa = PBXBuildFile; fileRef = 8549D49E293CF39F00CE9158 /* CommentCell.xib */; };
		8549D4A1293CF39F00CE9158 /* CommentCell.swift in Sources */ = {isa = PBXBuildFile; fileRef = 8549D49F293CF39F00CE9158 /* CommentCell.swift */; };
		8549D4A3293CF3C000CE9158 /* NoteView.swift in Sources */ = {isa = PBXBuildFile; fileRef = 8549D4A2293CF3C000CE9158 /* NoteView.swift */; };
		8549D4A5293CF3D600CE9158 /* MainDataSource.swift in Sources */ = {isa = PBXBuildFile; fileRef = 8549D4A4293CF3D600CE9158 /* MainDataSource.swift */; };
		8549D4A7293CF3EE00CE9158 /* MainPresenter.swift in Sources */ = {isa = PBXBuildFile; fileRef = 8549D4A6293CF3EE00CE9158 /* MainPresenter.swift */; };
		8549D4A9293CF40800CE9158 /* MainViewController.swift in Sources */ = {isa = PBXBuildFile; fileRef = 8549D4A8293CF40800CE9158 /* MainViewController.swift */; };
		8549D4B5293CF45500CE9158 /* NoteDatabaseManager.swift in Sources */ = {isa = PBXBuildFile; fileRef = 8549D4AD293CF45500CE9158 /* NoteDatabaseManager.swift */; };
		8549D4B6293CF45500CE9158 /* Comment.swift in Sources */ = {isa = PBXBuildFile; fileRef = 8549D4AF293CF45500CE9158 /* Comment.swift */; };
		8549D4B7293CF45500CE9158 /* Note.swift in Sources */ = {isa = PBXBuildFile; fileRef = 8549D4B0293CF45500CE9158 /* Note.swift */; };
		8549D4B9293CF45500CE9158 /* CommentRealm.swift in Sources */ = {isa = PBXBuildFile; fileRef = 8549D4B3293CF45500CE9158 /* CommentRealm.swift */; };
		8549D4BA293CF45500CE9158 /* NoteRealm.swift in Sources */ = {isa = PBXBuildFile; fileRef = 8549D4B4293CF45500CE9158 /* NoteRealm.swift */; };
		8549D4BE293CFA8D00CE9158 /* Realm in Frameworks */ = {isa = PBXBuildFile; productRef = 8549D4BD293CFA8D00CE9158 /* Realm */; };
		8549D4C0293CFA8D00CE9158 /* RealmSwift in Frameworks */ = {isa = PBXBuildFile; productRef = 8549D4BF293CFA8D00CE9158 /* RealmSwift */; };
		8549D4C4293D00D900CE9158 /* Raleway-SemiBold.ttf in Resources */ = {isa = PBXBuildFile; fileRef = 8549D4C3293D00D800CE9158 /* Raleway-SemiBold.ttf */; };
		8549D4C6293D059600CE9158 /* AddNoteView.swift in Sources */ = {isa = PBXBuildFile; fileRef = 8549D4C5293D059600CE9158 /* AddNoteView.swift */; };
		854C79C8293D0F8000C7D2EF /* Raleway-Light.ttf in Resources */ = {isa = PBXBuildFile; fileRef = 854C79C7293D0F7F00C7D2EF /* Raleway-Light.ttf */; };
/* End PBXBuildFile section */

/* Begin PBXFileReference section */
		552675F2577E3A99EBED8132 /* Pods-Notes.debug.xcconfig */ = {isa = PBXFileReference; includeInIndex = 1; lastKnownFileType = text.xcconfig; name = "Pods-Notes.debug.xcconfig"; path = "Target Support Files/Pods-Notes/Pods-Notes.debug.xcconfig"; sourceTree = "<group>"; };
		5C20007735EF2D73208F3FD6 /* Pods_Notes.framework */ = {isa = PBXFileReference; explicitFileType = wrapper.framework; includeInIndex = 0; path = Pods_Notes.framework; sourceTree = BUILT_PRODUCTS_DIR; };
		8549D47C293CEFAC00CE9158 /* Notes.app */ = {isa = PBXFileReference; explicitFileType = wrapper.application; includeInIndex = 0; path = Notes.app; sourceTree = BUILT_PRODUCTS_DIR; };
		8549D47F293CEFAC00CE9158 /* AppDelegate.swift */ = {isa = PBXFileReference; lastKnownFileType = sourcecode.swift; path = AppDelegate.swift; sourceTree = "<group>"; };
		8549D481293CEFAC00CE9158 /* SceneDelegate.swift */ = {isa = PBXFileReference; lastKnownFileType = sourcecode.swift; path = SceneDelegate.swift; sourceTree = "<group>"; };
		8549D486293CEFAC00CE9158 /* Base */ = {isa = PBXFileReference; lastKnownFileType = file.storyboard; name = Base; path = Base.lproj/Main.storyboard; sourceTree = "<group>"; };
		8549D489293CEFAC00CE9158 /* Notes.xcdatamodel */ = {isa = PBXFileReference; lastKnownFileType = wrapper.xcdatamodel; path = Notes.xcdatamodel; sourceTree = "<group>"; };
		8549D48B293CEFAE00CE9158 /* Assets.xcassets */ = {isa = PBXFileReference; lastKnownFileType = folder.assetcatalog; path = Assets.xcassets; sourceTree = "<group>"; };
		8549D48E293CEFAE00CE9158 /* Base */ = {isa = PBXFileReference; lastKnownFileType = file.storyboard; name = Base; path = Base.lproj/LaunchScreen.storyboard; sourceTree = "<group>"; };
		8549D490293CEFAE00CE9158 /* Info.plist */ = {isa = PBXFileReference; lastKnownFileType = text.plist.xml; path = Info.plist; sourceTree = "<group>"; };
		8549D49E293CF39F00CE9158 /* CommentCell.xib */ = {isa = PBXFileReference; fileEncoding = 4; lastKnownFileType = file.xib; path = CommentCell.xib; sourceTree = "<group>"; };
		8549D49F293CF39F00CE9158 /* CommentCell.swift */ = {isa = PBXFileReference; fileEncoding = 4; lastKnownFileType = sourcecode.swift; path = CommentCell.swift; sourceTree = "<group>"; };
		8549D4A2293CF3C000CE9158 /* NoteView.swift */ = {isa = PBXFileReference; fileEncoding = 4; lastKnownFileType = sourcecode.swift; path = NoteView.swift; sourceTree = "<group>"; };
		8549D4A4293CF3D600CE9158 /* MainDataSource.swift */ = {isa = PBXFileReference; fileEncoding = 4; lastKnownFileType = sourcecode.swift; path = MainDataSource.swift; sourceTree = "<group>"; };
		8549D4A6293CF3EE00CE9158 /* MainPresenter.swift */ = {isa = PBXFileReference; fileEncoding = 4; lastKnownFileType = sourcecode.swift; path = MainPresenter.swift; sourceTree = "<group>"; };
		8549D4A8293CF40800CE9158 /* MainViewController.swift */ = {isa = PBXFileReference; fileEncoding = 4; lastKnownFileType = sourcecode.swift; path = MainViewController.swift; sourceTree = "<group>"; };
		8549D4AD293CF45500CE9158 /* NoteDatabaseManager.swift */ = {isa = PBXFileReference; fileEncoding = 4; lastKnownFileType = sourcecode.swift; path = NoteDatabaseManager.swift; sourceTree = "<group>"; };
		8549D4AF293CF45500CE9158 /* Comment.swift */ = {isa = PBXFileReference; fileEncoding = 4; lastKnownFileType = sourcecode.swift; path = Comment.swift; sourceTree = "<group>"; };
		8549D4B0293CF45500CE9158 /* Note.swift */ = {isa = PBXFileReference; fileEncoding = 4; lastKnownFileType = sourcecode.swift; path = Note.swift; sourceTree = "<group>"; };
		8549D4B3293CF45500CE9158 /* CommentRealm.swift */ = {isa = PBXFileReference; fileEncoding = 4; lastKnownFileType = sourcecode.swift; path = CommentRealm.swift; sourceTree = "<group>"; };
		8549D4B4293CF45500CE9158 /* NoteRealm.swift */ = {isa = PBXFileReference; fileEncoding = 4; lastKnownFileType = sourcecode.swift; path = NoteRealm.swift; sourceTree = "<group>"; };
		8549D4C3293D00D800CE9158 /* Raleway-SemiBold.ttf */ = {isa = PBXFileReference; lastKnownFileType = file; path = "Raleway-SemiBold.ttf"; sourceTree = "<group>"; };
		8549D4C5293D059600CE9158 /* AddNoteView.swift */ = {isa = PBXFileReference; lastKnownFileType = sourcecode.swift; path = AddNoteView.swift; sourceTree = "<group>"; };
		854C79C7293D0F7F00C7D2EF /* Raleway-Light.ttf */ = {isa = PBXFileReference; lastKnownFileType = file; path = "Raleway-Light.ttf"; sourceTree = "<group>"; };
		8F77E57D51A09FB0FE2C1341 /* Pods-Notes.release.xcconfig */ = {isa = PBXFileReference; includeInIndex = 1; lastKnownFileType = text.xcconfig; name = "Pods-Notes.release.xcconfig"; path = "Target Support Files/Pods-Notes/Pods-Notes.release.xcconfig"; sourceTree = "<group>"; };
/* End PBXFileReference section */

/* Begin PBXFrameworksBuildPhase section */
		8549D479293CEFAC00CE9158 /* Frameworks */ = {
			isa = PBXFrameworksBuildPhase;
			buildActionMask = 2147483647;
			files = (
				8549D4C0293CFA8D00CE9158 /* RealmSwift in Frameworks */,
				8549D4BE293CFA8D00CE9158 /* Realm in Frameworks */,
				7AB3AC1831A32ABCD4568BEF /* Pods_Notes.framework in Frameworks */,
			);
			runOnlyForDeploymentPostprocessing = 0;
		};
/* End PBXFrameworksBuildPhase section */

/* Begin PBXGroup section */
		6462A4881032617778C90769 /* Pods */ = {
			isa = PBXGroup;
			children = (
				552675F2577E3A99EBED8132 /* Pods-Notes.debug.xcconfig */,
				8F77E57D51A09FB0FE2C1341 /* Pods-Notes.release.xcconfig */,
			);
			path = Pods;
			sourceTree = "<group>";
		};
		8549D473293CEFAC00CE9158 = {
			isa = PBXGroup;
			children = (
				8549D47E293CEFAC00CE9158 /* Notes */,
				8549D47D293CEFAC00CE9158 /* Products */,
				6462A4881032617778C90769 /* Pods */,
				939A940C61E59D5130033E50 /* Frameworks */,
			);
			sourceTree = "<group>";
		};
		8549D47D293CEFAC00CE9158 /* Products */ = {
			isa = PBXGroup;
			children = (
				8549D47C293CEFAC00CE9158 /* Notes.app */,
			);
			name = Products;
			sourceTree = "<group>";
		};
		8549D47E293CEFAC00CE9158 /* Notes */ = {
			isa = PBXGroup;
			children = (
				8549D496293CF34100CE9158 /* Flow */,
				8549D4AA293CF45500CE9158 /* Core */,
				8549D4BB293CF48400CE9158 /* Application */,
				8549D48B293CEFAE00CE9158 /* Assets.xcassets */,
				8549D48D293CEFAE00CE9158 /* LaunchScreen.storyboard */,
				8549D490293CEFAE00CE9158 /* Info.plist */,
				8549D488293CEFAC00CE9158 /* Notes.xcdatamodeld */,
			);
			path = Notes;
			sourceTree = "<group>";
		};
		8549D496293CF34100CE9158 /* Flow */ = {
			isa = PBXGroup;
			children = (
				8549D497293CF34A00CE9158 /* Main */,
			);
			path = Flow;
			sourceTree = "<group>";
		};
		8549D497293CF34A00CE9158 /* Main */ = {
			isa = PBXGroup;
			children = (
				8549D49D293CF37C00CE9158 /* Cell */,
				8549D49C293CF37400CE9158 /* View */,
				8549D49B293CF36B00CE9158 /* DataSource */,
				8549D49A293CF36300CE9158 /* Presenter */,
				8549D499293CF35B00CE9158 /* ViewController */,
				8549D498293CF35300CE9158 /* Storyboard */,
			);
			path = Main;
			sourceTree = "<group>";
		};
		8549D498293CF35300CE9158 /* Storyboard */ = {
			isa = PBXGroup;
			children = (
				8549D485293CEFAC00CE9158 /* Main.storyboard */,
			);
			path = Storyboard;
			sourceTree = "<group>";
		};
		8549D499293CF35B00CE9158 /* ViewController */ = {
			isa = PBXGroup;
			children = (
				8549D4A8293CF40800CE9158 /* MainViewController.swift */,
			);
			path = ViewController;
			sourceTree = "<group>";
		};
		8549D49A293CF36300CE9158 /* Presenter */ = {
			isa = PBXGroup;
			children = (
				8549D4A6293CF3EE00CE9158 /* MainPresenter.swift */,
			);
			path = Presenter;
			sourceTree = "<group>";
		};
		8549D49B293CF36B00CE9158 /* DataSource */ = {
			isa = PBXGroup;
			children = (
				8549D4A4293CF3D600CE9158 /* MainDataSource.swift */,
			);
			path = DataSource;
			sourceTree = "<group>";
		};
		8549D49C293CF37400CE9158 /* View */ = {
			isa = PBXGroup;
			children = (
				8549D4A2293CF3C000CE9158 /* NoteView.swift */,
				8549D4C5293D059600CE9158 /* AddNoteView.swift */,
			);
			path = View;
			sourceTree = "<group>";
		};
		8549D49D293CF37C00CE9158 /* Cell */ = {
			isa = PBXGroup;
			children = (
				8549D49F293CF39F00CE9158 /* CommentCell.swift */,
				8549D49E293CF39F00CE9158 /* CommentCell.xib */,
			);
			path = Cell;
			sourceTree = "<group>";
		};
		8549D4AA293CF45500CE9158 /* Core */ = {
			isa = PBXGroup;
			children = (
				8549D4C2293CFDB600CE9158 /* Fonts */,
				8549D4AB293CF45500CE9158 /* Manager */,
				8549D4AE293CF45500CE9158 /* Model */,
			);
			path = Core;
			sourceTree = "<group>";
		};
		8549D4AB293CF45500CE9158 /* Manager */ = {
			isa = PBXGroup;
			children = (
				8549D4AC293CF45500CE9158 /* DataBase */,
			);
			path = Manager;
			sourceTree = "<group>";
		};
		8549D4AC293CF45500CE9158 /* DataBase */ = {
			isa = PBXGroup;
			children = (
				8549D4AD293CF45500CE9158 /* NoteDatabaseManager.swift */,
			);
			path = DataBase;
			sourceTree = "<group>";
		};
		8549D4AE293CF45500CE9158 /* Model */ = {
			isa = PBXGroup;
			children = (
				8549D4AF293CF45500CE9158 /* Comment.swift */,
				8549D4B0293CF45500CE9158 /* Note.swift */,
				8549D4B2293CF45500CE9158 /* Realm */,
			);
			path = Model;
			sourceTree = "<group>";
		};
		8549D4B2293CF45500CE9158 /* Realm */ = {
			isa = PBXGroup;
			children = (
				8549D4B3293CF45500CE9158 /* CommentRealm.swift */,
				8549D4B4293CF45500CE9158 /* NoteRealm.swift */,
			);
			path = Realm;
			sourceTree = "<group>";
		};
		8549D4BB293CF48400CE9158 /* Application */ = {
			isa = PBXGroup;
			children = (
				8549D481293CEFAC00CE9158 /* SceneDelegate.swift */,
				8549D47F293CEFAC00CE9158 /* AppDelegate.swift */,
			);
			path = Application;
			sourceTree = "<group>";
		};
		8549D4C2293CFDB600CE9158 /* Fonts */ = {
			isa = PBXGroup;
			children = (
				8549D4C3293D00D800CE9158 /* Raleway-SemiBold.ttf */,
				854C79C7293D0F7F00C7D2EF /* Raleway-Light.ttf */,
			);
			path = Fonts;
			sourceTree = "<group>";
		};
		939A940C61E59D5130033E50 /* Frameworks */ = {
			isa = PBXGroup;
			children = (
				5C20007735EF2D73208F3FD6 /* Pods_Notes.framework */,
			);
			name = Frameworks;
			sourceTree = "<group>";
		};
/* End PBXGroup section */

/* Begin PBXNativeTarget section */
		8549D47B293CEFAC00CE9158 /* Notes */ = {
			isa = PBXNativeTarget;
			buildConfigurationList = 8549D493293CEFAE00CE9158 /* Build configuration list for PBXNativeTarget "Notes" */;
			buildPhases = (
				9F83E8FC2EE2A4169FED7D33 /* [CP] Check Pods Manifest.lock */,
				8549D478293CEFAC00CE9158 /* Sources */,
				8549D479293CEFAC00CE9158 /* Frameworks */,
				8549D47A293CEFAC00CE9158 /* Resources */,
				48FF08D9FB7472417D235D44 /* [CP] Embed Pods Frameworks */,
			);
			buildRules = (
			);
			dependencies = (
			);
			name = Notes;
			packageProductDependencies = (
				8549D4BD293CFA8D00CE9158 /* Realm */,
				8549D4BF293CFA8D00CE9158 /* RealmSwift */,
			);
			productName = Notes;
			productReference = 8549D47C293CEFAC00CE9158 /* Notes.app */;
			productType = "com.apple.product-type.application";
		};
/* End PBXNativeTarget section */

/* Begin PBXProject section */
		8549D474293CEFAC00CE9158 /* Project object */ = {
			isa = PBXProject;
			attributes = {
				BuildIndependentTargetsInParallel = 1;
				LastSwiftUpdateCheck = 1410;
				LastUpgradeCheck = 1410;
				TargetAttributes = {
					8549D47B293CEFAC00CE9158 = {
						CreatedOnToolsVersion = 14.1;
					};
				};
			};
			buildConfigurationList = 8549D477293CEFAC00CE9158 /* Build configuration list for PBXProject "Notes" */;
			compatibilityVersion = "Xcode 13.0";
			developmentRegion = en;
			hasScannedForEncodings = 0;
			knownRegions = (
				en,
				Base,
			);
			mainGroup = 8549D473293CEFAC00CE9158;
			packageReferences = (
				8549D4BC293CFA8D00CE9158 /* XCRemoteSwiftPackageReference "realm-swift" */,
			);
			productRefGroup = 8549D47D293CEFAC00CE9158 /* Products */;
			projectDirPath = "";
			projectRoot = "";
			targets = (
				8549D47B293CEFAC00CE9158 /* Notes */,
			);
		};
/* End PBXProject section */

/* Begin PBXResourcesBuildPhase section */
		8549D47A293CEFAC00CE9158 /* Resources */ = {
			isa = PBXResourcesBuildPhase;
			buildActionMask = 2147483647;
			files = (
				8549D48F293CEFAE00CE9158 /* LaunchScreen.storyboard in Resources */,
				8549D48C293CEFAE00CE9158 /* Assets.xcassets in Resources */,
				8549D487293CEFAC00CE9158 /* Main.storyboard in Resources */,
				854C79C8293D0F8000C7D2EF /* Raleway-Light.ttf in Resources */,
				8549D4A0293CF39F00CE9158 /* CommentCell.xib in Resources */,
				8549D4C4293D00D900CE9158 /* Raleway-SemiBold.ttf in Resources */,
			);
			runOnlyForDeploymentPostprocessing = 0;
		};
/* End PBXResourcesBuildPhase section */

/* Begin PBXShellScriptBuildPhase section */
		48FF08D9FB7472417D235D44 /* [CP] Embed Pods Frameworks */ = {
			isa = PBXShellScriptBuildPhase;
			buildActionMask = 2147483647;
			files = (
			);
			inputFileListPaths = (
				"${PODS_ROOT}/Target Support Files/Pods-Notes/Pods-Notes-frameworks-${CONFIGURATION}-input-files.xcfilelist",
			);
			name = "[CP] Embed Pods Frameworks";
			outputFileListPaths = (
				"${PODS_ROOT}/Target Support Files/Pods-Notes/Pods-Notes-frameworks-${CONFIGURATION}-output-files.xcfilelist",
			);
			runOnlyForDeploymentPostprocessing = 0;
			shellPath = /bin/sh;
			shellScript = "\"${PODS_ROOT}/Target Support Files/Pods-Notes/Pods-Notes-frameworks.sh\"\n";
			showEnvVarsInLog = 0;
		};
		9F83E8FC2EE2A4169FED7D33 /* [CP] Check Pods Manifest.lock */ = {
			isa = PBXShellScriptBuildPhase;
			buildActionMask = 2147483647;
			files = (
			);
			inputFileListPaths = (
			);
			inputPaths = (
				"${PODS_PODFILE_DIR_PATH}/Podfile.lock",
				"${PODS_ROOT}/Manifest.lock",
			);
			name = "[CP] Check Pods Manifest.lock";
			outputFileListPaths = (
			);
			outputPaths = (
				"$(DERIVED_FILE_DIR)/Pods-Notes-checkManifestLockResult.txt",
			);
			runOnlyForDeploymentPostprocessing = 0;
			shellPath = /bin/sh;
			shellScript = "diff \"${PODS_PODFILE_DIR_PATH}/Podfile.lock\" \"${PODS_ROOT}/Manifest.lock\" > /dev/null\nif [ $? != 0 ] ; then\n    # print error to STDERR\n    echo \"error: The sandbox is not in sync with the Podfile.lock. Run 'pod install' or update your CocoaPods installation.\" >&2\n    exit 1\nfi\n# This output is used by Xcode 'outputs' to avoid re-running this script phase.\necho \"SUCCESS\" > \"${SCRIPT_OUTPUT_FILE_0}\"\n";
			showEnvVarsInLog = 0;
		};
/* End PBXShellScriptBuildPhase section */

/* Begin PBXSourcesBuildPhase section */
		8549D478293CEFAC00CE9158 /* Sources */ = {
			isa = PBXSourcesBuildPhase;
			buildActionMask = 2147483647;
			files = (
				8549D4B5293CF45500CE9158 /* NoteDatabaseManager.swift in Sources */,
				8549D4A1293CF39F00CE9158 /* CommentCell.swift in Sources */,
				8549D4A3293CF3C000CE9158 /* NoteView.swift in Sources */,
				8549D4A7293CF3EE00CE9158 /* MainPresenter.swift in Sources */,
				8549D480293CEFAC00CE9158 /* AppDelegate.swift in Sources */,
				8549D482293CEFAC00CE9158 /* SceneDelegate.swift in Sources */,
				8549D4A9293CF40800CE9158 /* MainViewController.swift in Sources */,
				8549D4B9293CF45500CE9158 /* CommentRealm.swift in Sources */,
				8549D4C6293D059600CE9158 /* AddNoteView.swift in Sources */,
				8549D48A293CEFAC00CE9158 /* Notes.xcdatamodeld in Sources */,
				8549D4B6293CF45500CE9158 /* Comment.swift in Sources */,
				8549D4BA293CF45500CE9158 /* NoteRealm.swift in Sources */,
				8549D4A5293CF3D600CE9158 /* MainDataSource.swift in Sources */,
				8549D4B7293CF45500CE9158 /* Note.swift in Sources */,
			);
			runOnlyForDeploymentPostprocessing = 0;
		};
/* End PBXSourcesBuildPhase section */

/* Begin PBXVariantGroup section */
		8549D485293CEFAC00CE9158 /* Main.storyboard */ = {
			isa = PBXVariantGroup;
			children = (
				8549D486293CEFAC00CE9158 /* Base */,
			);
			name = Main.storyboard;
			sourceTree = "<group>";
		};
		8549D48D293CEFAE00CE9158 /* LaunchScreen.storyboard */ = {
			isa = PBXVariantGroup;
			children = (
				8549D48E293CEFAE00CE9158 /* Base */,
			);
			name = LaunchScreen.storyboard;
			sourceTree = "<group>";
		};
/* End PBXVariantGroup section */

/* Begin XCBuildConfiguration section */
		8549D491293CEFAE00CE9158 /* Debug */ = {
			isa = XCBuildConfiguration;
			buildSettings = {
				ALWAYS_SEARCH_USER_PATHS = NO;
				CLANG_ANALYZER_NONNULL = YES;
				CLANG_ANALYZER_NUMBER_OBJECT_CONVERSION = YES_AGGRESSIVE;
				CLANG_CXX_LANGUAGE_STANDARD = "gnu++20";
				CLANG_ENABLE_MODULES = YES;
				CLANG_ENABLE_OBJC_ARC = YES;
				CLANG_ENABLE_OBJC_WEAK = YES;
				CLANG_WARN_BLOCK_CAPTURE_AUTORELEASING = YES;
				CLANG_WARN_BOOL_CONVERSION = YES;
				CLANG_WARN_COMMA = YES;
				CLANG_WARN_CONSTANT_CONVERSION = YES;
				CLANG_WARN_DEPRECATED_OBJC_IMPLEMENTATIONS = YES;
				CLANG_WARN_DIRECT_OBJC_ISA_USAGE = YES_ERROR;
				CLANG_WARN_DOCUMENTATION_COMMENTS = YES;
				CLANG_WARN_EMPTY_BODY = YES;
				CLANG_WARN_ENUM_CONVERSION = YES;
				CLANG_WARN_INFINITE_RECURSION = YES;
				CLANG_WARN_INT_CONVERSION = YES;
				CLANG_WARN_NON_LITERAL_NULL_CONVERSION = YES;
				CLANG_WARN_OBJC_IMPLICIT_RETAIN_SELF = YES;
				CLANG_WARN_OBJC_LITERAL_CONVERSION = YES;
				CLANG_WARN_OBJC_ROOT_CLASS = YES_ERROR;
				CLANG_WARN_QUOTED_INCLUDE_IN_FRAMEWORK_HEADER = YES;
				CLANG_WARN_RANGE_LOOP_ANALYSIS = YES;
				CLANG_WARN_STRICT_PROTOTYPES = YES;
				CLANG_WARN_SUSPICIOUS_MOVE = YES;
				CLANG_WARN_UNGUARDED_AVAILABILITY = YES_AGGRESSIVE;
				CLANG_WARN_UNREACHABLE_CODE = YES;
				CLANG_WARN__DUPLICATE_METHOD_MATCH = YES;
				COPY_PHASE_STRIP = NO;
				DEBUG_INFORMATION_FORMAT = dwarf;
				ENABLE_STRICT_OBJC_MSGSEND = YES;
				ENABLE_TESTABILITY = YES;
				GCC_C_LANGUAGE_STANDARD = gnu11;
				GCC_DYNAMIC_NO_PIC = NO;
				GCC_NO_COMMON_BLOCKS = YES;
				GCC_OPTIMIZATION_LEVEL = 0;
				GCC_PREPROCESSOR_DEFINITIONS = (
					"DEBUG=1",
					"$(inherited)",
				);
				GCC_WARN_64_TO_32_BIT_CONVERSION = YES;
				GCC_WARN_ABOUT_RETURN_TYPE = YES_ERROR;
				GCC_WARN_UNDECLARED_SELECTOR = YES;
				GCC_WARN_UNINITIALIZED_AUTOS = YES_AGGRESSIVE;
				GCC_WARN_UNUSED_FUNCTION = YES;
				GCC_WARN_UNUSED_VARIABLE = YES;
				IPHONEOS_DEPLOYMENT_TARGET = 16.1;
				MTL_ENABLE_DEBUG_INFO = INCLUDE_SOURCE;
				MTL_FAST_MATH = YES;
				ONLY_ACTIVE_ARCH = YES;
				SDKROOT = iphoneos;
				SWIFT_ACTIVE_COMPILATION_CONDITIONS = DEBUG;
				SWIFT_OPTIMIZATION_LEVEL = "-Onone";
			};
			name = Debug;
		};
		8549D492293CEFAE00CE9158 /* Release */ = {
			isa = XCBuildConfiguration;
			buildSettings = {
				ALWAYS_SEARCH_USER_PATHS = NO;
				CLANG_ANALYZER_NONNULL = YES;
				CLANG_ANALYZER_NUMBER_OBJECT_CONVERSION = YES_AGGRESSIVE;
				CLANG_CXX_LANGUAGE_STANDARD = "gnu++20";
				CLANG_ENABLE_MODULES = YES;
				CLANG_ENABLE_OBJC_ARC = YES;
				CLANG_ENABLE_OBJC_WEAK = YES;
				CLANG_WARN_BLOCK_CAPTURE_AUTORELEASING = YES;
				CLANG_WARN_BOOL_CONVERSION = YES;
				CLANG_WARN_COMMA = YES;
				CLANG_WARN_CONSTANT_CONVERSION = YES;
				CLANG_WARN_DEPRECATED_OBJC_IMPLEMENTATIONS = YES;
				CLANG_WARN_DIRECT_OBJC_ISA_USAGE = YES_ERROR;
				CLANG_WARN_DOCUMENTATION_COMMENTS = YES;
				CLANG_WARN_EMPTY_BODY = YES;
				CLANG_WARN_ENUM_CONVERSION = YES;
				CLANG_WARN_INFINITE_RECURSION = YES;
				CLANG_WARN_INT_CONVERSION = YES;
				CLANG_WARN_NON_LITERAL_NULL_CONVERSION = YES;
				CLANG_WARN_OBJC_IMPLICIT_RETAIN_SELF = YES;
				CLANG_WARN_OBJC_LITERAL_CONVERSION = YES;
				CLANG_WARN_OBJC_ROOT_CLASS = YES_ERROR;
				CLANG_WARN_QUOTED_INCLUDE_IN_FRAMEWORK_HEADER = YES;
				CLANG_WARN_RANGE_LOOP_ANALYSIS = YES;
				CLANG_WARN_STRICT_PROTOTYPES = YES;
				CLANG_WARN_SUSPICIOUS_MOVE = YES;
				CLANG_WARN_UNGUARDED_AVAILABILITY = YES_AGGRESSIVE;
				CLANG_WARN_UNREACHABLE_CODE = YES;
				CLANG_WARN__DUPLICATE_METHOD_MATCH = YES;
				COPY_PHASE_STRIP = NO;
				DEBUG_INFORMATION_FORMAT = "dwarf-with-dsym";
				ENABLE_NS_ASSERTIONS = NO;
				ENABLE_STRICT_OBJC_MSGSEND = YES;
				GCC_C_LANGUAGE_STANDARD = gnu11;
				GCC_NO_COMMON_BLOCKS = YES;
				GCC_WARN_64_TO_32_BIT_CONVERSION = YES;
				GCC_WARN_ABOUT_RETURN_TYPE = YES_ERROR;
				GCC_WARN_UNDECLARED_SELECTOR = YES;
				GCC_WARN_UNINITIALIZED_AUTOS = YES_AGGRESSIVE;
				GCC_WARN_UNUSED_FUNCTION = YES;
				GCC_WARN_UNUSED_VARIABLE = YES;
				IPHONEOS_DEPLOYMENT_TARGET = 16.1;
				MTL_ENABLE_DEBUG_INFO = NO;
				MTL_FAST_MATH = YES;
				SDKROOT = iphoneos;
				SWIFT_COMPILATION_MODE = wholemodule;
				SWIFT_OPTIMIZATION_LEVEL = "-O";
				VALIDATE_PRODUCT = YES;
			};
			name = Release;
		};
		8549D494293CEFAE00CE9158 /* Debug */ = {
			isa = XCBuildConfiguration;
			baseConfigurationReference = 552675F2577E3A99EBED8132 /* Pods-Notes.debug.xcconfig */;
			buildSettings = {
				ASSETCATALOG_COMPILER_APPICON_NAME = AppIcon;
				ASSETCATALOG_COMPILER_GLOBAL_ACCENT_COLOR_NAME = AccentColor;
				CODE_SIGN_STYLE = Automatic;
				CURRENT_PROJECT_VERSION = 1;
				DEVELOPMENT_TEAM = 76TUWTZW78;
				GENERATE_INFOPLIST_FILE = YES;
				INFOPLIST_FILE = Notes/Info.plist;
				INFOPLIST_KEY_UIApplicationSupportsIndirectInputEvents = YES;
				INFOPLIST_KEY_UILaunchStoryboardName = LaunchScreen;
				INFOPLIST_KEY_UIMainStoryboardFile = Main;
				INFOPLIST_KEY_UISupportedInterfaceOrientations_iPad = "UIInterfaceOrientationPortrait UIInterfaceOrientationPortraitUpsideDown UIInterfaceOrientationLandscapeLeft UIInterfaceOrientationLandscapeRight";
				INFOPLIST_KEY_UISupportedInterfaceOrientations_iPhone = "UIInterfaceOrientationPortrait UIInterfaceOrientationLandscapeLeft UIInterfaceOrientationLandscapeRight";
				LD_RUNPATH_SEARCH_PATHS = (
					"$(inherited)",
					"@executable_path/Frameworks",
				);
				MARKETING_VERSION = 1.0;
				PRODUCT_BUNDLE_IDENTIFIER = com.nkate.Notes;
				PRODUCT_NAME = "$(TARGET_NAME)";
				SWIFT_EMIT_LOC_STRINGS = YES;
				SWIFT_VERSION = 5.0;
				TARGETED_DEVICE_FAMILY = "1,2";
			};
			name = Debug;
		};
		8549D495293CEFAE00CE9158 /* Release */ = {
			isa = XCBuildConfiguration;
			baseConfigurationReference = 8F77E57D51A09FB0FE2C1341 /* Pods-Notes.release.xcconfig */;
			buildSettings = {
				ASSETCATALOG_COMPILER_APPICON_NAME = AppIcon;
				ASSETCATALOG_COMPILER_GLOBAL_ACCENT_COLOR_NAME = AccentColor;
				CODE_SIGN_STYLE = Automatic;
				CURRENT_PROJECT_VERSION = 1;
				DEVELOPMENT_TEAM = 76TUWTZW78;
				GENERATE_INFOPLIST_FILE = YES;
				INFOPLIST_FILE = Notes/Info.plist;
				INFOPLIST_KEY_UIApplicationSupportsIndirectInputEvents = YES;
				INFOPLIST_KEY_UILaunchStoryboardName = LaunchScreen;
				INFOPLIST_KEY_UIMainStoryboardFile = Main;
				INFOPLIST_KEY_UISupportedInterfaceOrientations_iPad = "UIInterfaceOrientationPortrait UIInterfaceOrientationPortraitUpsideDown UIInterfaceOrientationLandscapeLeft UIInterfaceOrientationLandscapeRight";
				INFOPLIST_KEY_UISupportedInterfaceOrientations_iPhone = "UIInterfaceOrientationPortrait UIInterfaceOrientationLandscapeLeft UIInterfaceOrientationLandscapeRight";
				LD_RUNPATH_SEARCH_PATHS = (
					"$(inherited)",
					"@executable_path/Frameworks",
				);
				MARKETING_VERSION = 1.0;
				PRODUCT_BUNDLE_IDENTIFIER = com.nkate.Notes;
				PRODUCT_NAME = "$(TARGET_NAME)";
				SWIFT_EMIT_LOC_STRINGS = YES;
				SWIFT_VERSION = 5.0;
				TARGETED_DEVICE_FAMILY = "1,2";
			};
			name = Release;
		};
/* End XCBuildConfiguration section */

/* Begin XCConfigurationList section */
		8549D477293CEFAC00CE9158 /* Build configuration list for PBXProject "Notes" */ = {
			isa = XCConfigurationList;
			buildConfigurations = (
				8549D491293CEFAE00CE9158 /* Debug */,
				8549D492293CEFAE00CE9158 /* Release */,
			);
			defaultConfigurationIsVisible = 0;
			defaultConfigurationName = Release;
		};
		8549D493293CEFAE00CE9158 /* Build configuration list for PBXNativeTarget "Notes" */ = {
			isa = XCConfigurationList;
			buildConfigurations = (
				8549D494293CEFAE00CE9158 /* Debug */,
				8549D495293CEFAE00CE9158 /* Release */,
			);
			defaultConfigurationIsVisible = 0;
			defaultConfigurationName = Release;
		};
/* End XCConfigurationList section */

/* Begin XCRemoteSwiftPackageReference section */
		8549D4BC293CFA8D00CE9158 /* XCRemoteSwiftPackageReference "realm-swift" */ = {
			isa = XCRemoteSwiftPackageReference;
			repositoryURL = "https://github.com/realm/realm-swift.git";
			requirement = {
				branch = master;
				kind = branch;
			};
		};
/* End XCRemoteSwiftPackageReference section */

/* Begin XCSwiftPackageProductDependency section */
		8549D4BD293CFA8D00CE9158 /* Realm */ = {
			isa = XCSwiftPackageProductDependency;
			package = 8549D4BC293CFA8D00CE9158 /* XCRemoteSwiftPackageReference "realm-swift" */;
			productName = Realm;
		};
		8549D4BF293CFA8D00CE9158 /* RealmSwift */ = {
			isa = XCSwiftPackageProductDependency;
			package = 8549D4BC293CFA8D00CE9158 /* XCRemoteSwiftPackageReference "realm-swift" */;
			productName = RealmSwift;
		};
/* End XCSwiftPackageProductDependency section */

/* Begin XCVersionGroup section */
		8549D488293CEFAC00CE9158 /* Notes.xcdatamodeld */ = {
			isa = XCVersionGroup;
			children = (
				8549D489293CEFAC00CE9158 /* Notes.xcdatamodel */,
			);
			currentVersion = 8549D489293CEFAC00CE9158 /* Notes.xcdatamodel */;
			path = Notes.xcdatamodeld;
			sourceTree = "<group>";
			versionGroupType = wrapper.xcdatamodel;
		};
/* End XCVersionGroup section */
	};
	rootObject = 8549D474293CEFAC00CE9158 /* Project object */;
}
